<?xml version="1.0" encoding="utf-8"?>
<Project ToolsVersion="4.0" xmlns="http://schemas.microsoft.com/developer/msbuild/2003">
  <ItemGroup>
    <ClCompile Include="setupTesting.cpp" />
    <ClCompile Include="..\IoT-Testing\Setup.c" />
    <ClCompile Include="FreeRTOS_MOCK_FFF.cpp" />
    <ClCompile Include="applicationTesting.cpp" />
    <ClCompile Include="..\IoT-Testing\Application.c" />
    <ClCompile Include="..\IoT-Testing\Co2Sensor.c" />
    <ClCompile Include="Co2Testing.cpp" />
    <ClCompile Include="TemperatureAndHumidityTesting.cpp" />
    <ClCompile Include="..\IoT-Testing\TemperatureHumiditySensor.c" />
  </ItemGroup>
  <ItemGroup>
    <Filter Include="FreeeRTOS">
      <UniqueIdentifier>{6c169800-3057-492d-8e85-22db05c45e26}</UniqueIdentifier>
    </Filter>
    <Filter Include="FreeeRTOS\Header">
      <UniqueIdentifier>{3b9b37fd-e6a6-47b7-a7ec-c57b07060ef8}</UniqueIdentifier>
    </Filter>
  </ItemGroup>
  <ItemGroup>
    <ClInclude Include="..\fff\fff.h" />
    <ClInclude Include="FreeRTOS_MOCK_FFF.h" />
    <ClInclude Include="event_groups.h">
      <Filter>FreeeRTOS\Header</Filter>
    </ClInclude>
    <ClInclude Include="das.h">
      <Filter>FreeeRTOS\Header</Filter>
    </ClInclude>
    <ClInclude Include="message_buffer.h">
      <Filter>FreeeRTOS\Header</Filter>
    </ClInclude>
    <ClInclude Include="queue.h">
      <Filter>FreeeRTOS\Header</Filter>
    </ClInclude>
    <ClInclude Include="semphr.h">
      <Filter>FreeeRTOS\Header</Filter>
    </ClInclude>
    <ClInclude Include="task.h">
      <Filter>FreeeRTOS\Header</Filter>
    </ClInclude>
    <ClInclude Include="timers.h">
      <Filter>FreeeRTOS\Header</Filter>
    </ClInclude>
    <ClInclude Include="FreeRTOS.h">
      <Filter>FreeeRTOS\Header</Filter>
    </ClInclude>
  </ItemGroup>
  <ItemGroup>
    <None Include="packages.config" />
  </ItemGroup>
</Project>