<?xml version="1.0" encoding="utf-8"?>
<Project ToolsVersion="4.0" xmlns="http://schemas.microsoft.com/developer/msbuild/2003">
  <ItemGroup>
    <Filter Include="Source Files">
      <UniqueIdentifier>{4FC737F1-C7A5-4376-A066-2A32D752A2FF}</UniqueIdentifier>
      <Extensions>cpp;c;cc;cxx;c++;cppm;ixx;def;odl;idl;hpj;bat;asm;asmx</Extensions>
    </Filter>
    <Filter Include="Header Files">
      <UniqueIdentifier>{93995380-89BD-4b04-88EB-625FBE52EBFB}</UniqueIdentifier>
      <Extensions>h;hh;hpp;hxx;h++;hm;inl;inc;ipp;xsd</Extensions>
    </Filter>
    <Filter Include="Resource Files">
      <UniqueIdentifier>{67DA6AB6-F800-4c08-8B7A-83BB121AAD01}</UniqueIdentifier>
      <Extensions>rc;ico;cur;bmp;dlg;rc2;rct;bin;rgs;gif;jpg;jpeg;jpe;resx;tiff;tif;png;wav;mfcribbon-ms</Extensions>
    </Filter>
    <Filter Include="FreeeRTOS">
      <UniqueIdentifier>{8007742d-fb59-48c7-98ee-644e53f96dc8}</UniqueIdentifier>
    </Filter>
    <Filter Include="FreeeRTOS\Header">
      <UniqueIdentifier>{6dbef13a-7ea6-4731-93a8-9d31ee03da8e}</UniqueIdentifier>
    </Filter>
  </ItemGroup>
  <ItemGroup>
    <ClCompile Include="Application.c">
      <Filter>Source Files</Filter>
    </ClCompile>
    <ClCompile Include="Co2Sensor.c">
      <Filter>Source Files</Filter>
    </ClCompile>
    <ClCompile Include="Configuration.c">
      <Filter>Source Files</Filter>
    </ClCompile>
    <ClCompile Include="SensorDataPackageHandler.c">
      <Filter>Source Files</Filter>
    </ClCompile>
    <ClCompile Include="Setup.c">
      <Filter>Source Files</Filter>
    </ClCompile>
    <ClCompile Include="TemperatureHumiditySensor.c">
      <Filter>Source Files</Filter>
    </ClCompile>
    <ClCompile Include="UpLinkHandler.c">
      <Filter>Source Files</Filter>
    </ClCompile>
    <ClCompile Include="WindowController.c">
      <Filter>Source Files</Filter>
    </ClCompile>
  </ItemGroup>
  <ItemGroup>
    <ClInclude Include="Application.h">
      <Filter>Header Files</Filter>
    </ClInclude>
    <ClInclude Include="Co2Sensor.h">
      <Filter>Header Files</Filter>
    </ClInclude>
    <ClInclude Include="Configuration.h">
      <Filter>Header Files</Filter>
    </ClInclude>
    <ClInclude Include="SensorDataPackageHandler.h">
      <Filter>Header Files</Filter>
    </ClInclude>
    <ClInclude Include="Setup.h">
      <Filter>Header Files</Filter>
    </ClInclude>
    <ClInclude Include="TemperatureHumiditySensor.h">
      <Filter>Header Files</Filter>
    </ClInclude>
    <ClInclude Include="UpLinkHandler.h">
      <Filter>Header Files</Filter>
    </ClInclude>
    <ClInclude Include="windowController.h">
      <Filter>Header Files</Filter>
    </ClInclude>
    <ClInclude Include="FreeRTOSConfig.h">
      <Filter>Header Files</Filter>
    </ClInclude>
    <ClInclude Include="..\GoogleTesting\event_groups.h">
      <Filter>FreeeRTOS\Header</Filter>
    </ClInclude>
    <ClInclude Include="..\GoogleTesting\FreeRTOS.h">
      <Filter>FreeeRTOS\Header</Filter>
    </ClInclude>
    <ClInclude Include="..\GoogleTesting\message_buffer.h">
      <Filter>FreeeRTOS\Header</Filter>
    </ClInclude>
    <ClInclude Include="..\GoogleTesting\queue.h">
      <Filter>FreeeRTOS\Header</Filter>
    </ClInclude>
    <ClInclude Include="..\GoogleTesting\semphr.h">
      <Filter>FreeeRTOS\Header</Filter>
    </ClInclude>
    <ClInclude Include="..\GoogleTesting\task.h">
      <Filter>FreeeRTOS\Header</Filter>
    </ClInclude>
    <ClInclude Include="..\GoogleTesting\timers.h">
      <Filter>FreeeRTOS\Header</Filter>
    </ClInclude>
  </ItemGroup>
</Project>